
Microsoft Visual Studio Solution File, Format Version 12.00
# Visual Studio 2012
Project("{FAE04EC0-301F-11D3-BF4B-00C04F79EFBC}") = "DSRouterServiceIIS", "DSRouterServiceIIS\DSRouterServiceIIS.csproj", "{5C425CF3-AF8A-4906-8F58-330B125BE34F}"
EndProject
Project("{FAE04EC0-301F-11D3-BF4B-00C04F79EFBC}") = "DSRouterServiceConsoleHosting", "DSRouterServiceConsoleHosting\DSRouterServiceConsoleHosting.csproj", "{D26C8D5F-F0E8-4472-BC03-36952A6E16D6}"
EndProject
Global
	GlobalSection(SolutionConfigurationPlatforms) = preSolution
		Debug|Any CPU = Debug|Any CPU
		Release|Any CPU = Release|Any CPU
	EndGlobalSection
	GlobalSection(ProjectConfigurationPlatforms) = postSolution
		{5C425CF3-AF8A-4906-8F58-330B125BE34F}.Debug|Any CPU.ActiveCfg = Debug|Any CPU
		{5C425CF3-AF8A-4906-8F58-330B125BE34F}.Debug|Any CPU.Build.0 = Debug|Any CPU
		{5C425CF3-AF8A-4906-8F58-330B125BE34F}.Release|Any CPU.ActiveCfg = Release|Any CPU
		{5C425CF3-AF8A-4906-8F58-330B125BE34F}.Release|Any CPU.Build.0 = Release|Any CPU
		{D26C8D5F-F0E8-4472-BC03-36952A6E16D6}.Debug|Any CPU.ActiveCfg = Debug|Any CPU
		{D26C8D5F-F0E8-4472-BC03-36952A6E16D6}.Debug|Any CPU.Build.0 = Debug|Any CPU
		{D26C8D5F-F0E8-4472-BC03-36952A6E16D6}.Release|Any CPU.ActiveCfg = Release|Any CPU
		{D26C8D5F-F0E8-4472-BC03-36952A6E16D6}.Release|Any CPU.Build.0 = Release|Any CPU
	EndGlobalSection
	GlobalSection(SolutionProperties) = preSolution
		HideSolutionNode = FALSE
	EndGlobalSection
EndGlobal
